
Microsoft Visual Studio Solution File, Format Version 12.00
# Visual Studio Version 16
VisualStudioVersion = 16.0.31112.23
MinimumVisualStudioVersion = 10.0.40219.1
Project("{2150E333-8FDC-42A3-9474-1A3956D46DE8}") = "src", "src", "{36913D1E-7F7B-4A29-9288-4F7E75FD34FF}"
EndProject
Project("{2150E333-8FDC-42A3-9474-1A3956D46DE8}") = "Services", "Services", "{8C616CE8-D900-4799-BB48-08AF6D7C1112}"
EndProject
Project("{2150E333-8FDC-42A3-9474-1A3956D46DE8}") = "Search", "Search", "{9C1CBE44-41C3-4311-A62F-F4EB4E48DBBC}"
EndProject
Project("{2150E333-8FDC-42A3-9474-1A3956D46DE8}") = "Order", "Order", "{D17105D8-4FCB-4990-AEBE-416027B03B37}"
EndProject
Project("{2150E333-8FDC-42A3-9474-1A3956D46DE8}") = "Accounting", "Accounting", "{B5285F64-1AE4-4F0D-97BE-8696F57CDCC4}"
EndProject
Project("{2150E333-8FDC-42A3-9474-1A3956D46DE8}") = "Common", "Common", "{3115ABDB-FDC1-4DE0-8858-50E20DE922C6}"
EndProject
Project("{FAE04EC0-301F-11D3-BF4B-00C04F79EFBC}") = "Search.API", "src\Search\Search.API\Search.API.csproj", "{3A78C34B-2706-422A-8BA1-9487BC617234}"
EndProject
Project("{E53339B2-1760-4266-BCC7-CA923CBCF16C}") = "docker-compose", "docker-compose.dcproj", "{D6060269-A327-416A-98E5-90F36355A352}"
EndProject
Project("{FAE04EC0-301F-11D3-BF4B-00C04F79EFBC}") = "Accounting.API", "src\Accounting\Accounting.API\Accounting.API.csproj", "{E2555A50-5332-4C70-AC1E-0DDC17044E8E}"
EndProject
Project("{FAE04EC0-301F-11D3-BF4B-00C04F79EFBC}") = "EventBusRabbitMQ", "src\Common\EventBusRabbitMQ\EventBusRabbitMQ.csproj", "{A6905C1F-8F95-4F09-AD97-FB76DFDAC832}"
EndProject
Project("{FAE04EC0-301F-11D3-BF4B-00C04F79EFBC}") = "Ordering.API", "src\Order\Ordering.API\Ordering.API.csproj", "{928F8A01-AE31-4CE2-8904-7C216E66C0AE}"
EndProject
Project("{FAE04EC0-301F-11D3-BF4B-00C04F79EFBC}") = "Ordering.Application", "src\Order\Ordering.Application\Ordering.Application.csproj", "{71F37D7B-0CC0-4B40-B7B9-7B77EBD81774}"
EndProject
Project("{FAE04EC0-301F-11D3-BF4B-00C04F79EFBC}") = "Ordering.Core", "src\Order\Ordering.Core\Ordering.Core.csproj", "{F56A71AB-5B2E-4BD7-A6BB-5C1CDA7DFD6D}"
EndProject
Project("{FAE04EC0-301F-11D3-BF4B-00C04F79EFBC}") = "Ordering.Infrastructure", "src\Order\Ordering.Infrastructure\Ordering.Infrastructure.csproj", "{972BD4FF-B089-4E04-A109-49F1FEE42435}"
EndProject
Project("{2150E333-8FDC-42A3-9474-1A3956D46DE8}") = "ApiGateway", "ApiGateway", "{B20868C5-BEBA-4DA4-8F97-8DE0127D8278}"
EndProject
Project("{FAE04EC0-301F-11D3-BF4B-00C04F79EFBC}") = "ApiGateway", "src\ApiGateway\ApiGateway\ApiGateway.csproj", "{EA80FDC7-62E2-4A6B-A1B8-0944B046E67E}"
EndProject
Global
	GlobalSection(SolutionConfigurationPlatforms) = preSolution
		Debug|Any CPU = Debug|Any CPU
		Release|Any CPU = Release|Any CPU
	EndGlobalSection
	GlobalSection(ProjectConfigurationPlatforms) = postSolution
		{3A78C34B-2706-422A-8BA1-9487BC617234}.Debug|Any CPU.ActiveCfg = Debug|Any CPU
		{3A78C34B-2706-422A-8BA1-9487BC617234}.Debug|Any CPU.Build.0 = Debug|Any CPU
		{3A78C34B-2706-422A-8BA1-9487BC617234}.Release|Any CPU.ActiveCfg = Release|Any CPU
		{3A78C34B-2706-422A-8BA1-9487BC617234}.Release|Any CPU.Build.0 = Release|Any CPU
		{D6060269-A327-416A-98E5-90F36355A352}.Debug|Any CPU.ActiveCfg = Debug|Any CPU
		{D6060269-A327-416A-98E5-90F36355A352}.Debug|Any CPU.Build.0 = Debug|Any CPU
		{D6060269-A327-416A-98E5-90F36355A352}.Release|Any CPU.ActiveCfg = Release|Any CPU
		{D6060269-A327-416A-98E5-90F36355A352}.Release|Any CPU.Build.0 = Release|Any CPU
		{E2555A50-5332-4C70-AC1E-0DDC17044E8E}.Debug|Any CPU.ActiveCfg = Debug|Any CPU
		{E2555A50-5332-4C70-AC1E-0DDC17044E8E}.Debug|Any CPU.Build.0 = Debug|Any CPU
		{E2555A50-5332-4C70-AC1E-0DDC17044E8E}.Release|Any CPU.ActiveCfg = Release|Any CPU
		{E2555A50-5332-4C70-AC1E-0DDC17044E8E}.Release|Any CPU.Build.0 = Release|Any CPU
		{A6905C1F-8F95-4F09-AD97-FB76DFDAC832}.Debug|Any CPU.ActiveCfg = Debug|Any CPU
		{A6905C1F-8F95-4F09-AD97-FB76DFDAC832}.Debug|Any CPU.Build.0 = Debug|Any CPU
		{A6905C1F-8F95-4F09-AD97-FB76DFDAC832}.Release|Any CPU.ActiveCfg = Release|Any CPU
		{A6905C1F-8F95-4F09-AD97-FB76DFDAC832}.Release|Any CPU.Build.0 = Release|Any CPU
		{928F8A01-AE31-4CE2-8904-7C216E66C0AE}.Debug|Any CPU.ActiveCfg = Debug|Any CPU
		{928F8A01-AE31-4CE2-8904-7C216E66C0AE}.Debug|Any CPU.Build.0 = Debug|Any CPU
		{928F8A01-AE31-4CE2-8904-7C216E66C0AE}.Release|Any CPU.ActiveCfg = Release|Any CPU
		{928F8A01-AE31-4CE2-8904-7C216E66C0AE}.Release|Any CPU.Build.0 = Release|Any CPU
		{71F37D7B-0CC0-4B40-B7B9-7B77EBD81774}.Debug|Any CPU.ActiveCfg = Debug|Any CPU
		{71F37D7B-0CC0-4B40-B7B9-7B77EBD81774}.Debug|Any CPU.Build.0 = Debug|Any CPU
		{71F37D7B-0CC0-4B40-B7B9-7B77EBD81774}.Release|Any CPU.ActiveCfg = Release|Any CPU
		{71F37D7B-0CC0-4B40-B7B9-7B77EBD81774}.Release|Any CPU.Build.0 = Release|Any CPU
		{F56A71AB-5B2E-4BD7-A6BB-5C1CDA7DFD6D}.Debug|Any CPU.ActiveCfg = Debug|Any CPU
		{F56A71AB-5B2E-4BD7-A6BB-5C1CDA7DFD6D}.Debug|Any CPU.Build.0 = Debug|Any CPU
		{F56A71AB-5B2E-4BD7-A6BB-5C1CDA7DFD6D}.Release|Any CPU.ActiveCfg = Release|Any CPU
		{F56A71AB-5B2E-4BD7-A6BB-5C1CDA7DFD6D}.Release|Any CPU.Build.0 = Release|Any CPU
		{972BD4FF-B089-4E04-A109-49F1FEE42435}.Debug|Any CPU.ActiveCfg = Debug|Any CPU
		{972BD4FF-B089-4E04-A109-49F1FEE42435}.Debug|Any CPU.Build.0 = Debug|Any CPU
		{972BD4FF-B089-4E04-A109-49F1FEE42435}.Release|Any CPU.ActiveCfg = Release|Any CPU
		{972BD4FF-B089-4E04-A109-49F1FEE42435}.Release|Any CPU.Build.0 = Release|Any CPU
		{EA80FDC7-62E2-4A6B-A1B8-0944B046E67E}.Debug|Any CPU.ActiveCfg = Debug|Any CPU
		{EA80FDC7-62E2-4A6B-A1B8-0944B046E67E}.Debug|Any CPU.Build.0 = Debug|Any CPU
		{EA80FDC7-62E2-4A6B-A1B8-0944B046E67E}.Release|Any CPU.ActiveCfg = Release|Any CPU
		{EA80FDC7-62E2-4A6B-A1B8-0944B046E67E}.Release|Any CPU.Build.0 = Release|Any CPU
	EndGlobalSection
	GlobalSection(SolutionProperties) = preSolution
		HideSolutionNode = FALSE
	EndGlobalSection
	GlobalSection(NestedProjects) = preSolution
		{8C616CE8-D900-4799-BB48-08AF6D7C1112} = {36913D1E-7F7B-4A29-9288-4F7E75FD34FF}
		{9C1CBE44-41C3-4311-A62F-F4EB4E48DBBC} = {8C616CE8-D900-4799-BB48-08AF6D7C1112}
		{D17105D8-4FCB-4990-AEBE-416027B03B37} = {8C616CE8-D900-4799-BB48-08AF6D7C1112}
		{B5285F64-1AE4-4F0D-97BE-8696F57CDCC4} = {8C616CE8-D900-4799-BB48-08AF6D7C1112}
		{3115ABDB-FDC1-4DE0-8858-50E20DE922C6} = {8C616CE8-D900-4799-BB48-08AF6D7C1112}
		{3A78C34B-2706-422A-8BA1-9487BC617234} = {9C1CBE44-41C3-4311-A62F-F4EB4E48DBBC}
		{E2555A50-5332-4C70-AC1E-0DDC17044E8E} = {B5285F64-1AE4-4F0D-97BE-8696F57CDCC4}
		{A6905C1F-8F95-4F09-AD97-FB76DFDAC832} = {3115ABDB-FDC1-4DE0-8858-50E20DE922C6}
		{928F8A01-AE31-4CE2-8904-7C216E66C0AE} = {D17105D8-4FCB-4990-AEBE-416027B03B37}
		{71F37D7B-0CC0-4B40-B7B9-7B77EBD81774} = {D17105D8-4FCB-4990-AEBE-416027B03B37}
		{F56A71AB-5B2E-4BD7-A6BB-5C1CDA7DFD6D} = {D17105D8-4FCB-4990-AEBE-416027B03B37}
		{972BD4FF-B089-4E04-A109-49F1FEE42435} = {D17105D8-4FCB-4990-AEBE-416027B03B37}
		{B20868C5-BEBA-4DA4-8F97-8DE0127D8278} = {36913D1E-7F7B-4A29-9288-4F7E75FD34FF}
		{EA80FDC7-62E2-4A6B-A1B8-0944B046E67E} = {B20868C5-BEBA-4DA4-8F97-8DE0127D8278}
	EndGlobalSection
	GlobalSection(ExtensibilityGlobals) = postSolution
		SolutionGuid = {649CC78C-A481-4090-9AF6-98D656908FC2}
	EndGlobalSection
EndGlobal
